
Microsoft Visual Studio Solution File, Format Version 12.00
Project("{FAE04EC0-301F-11D3-BF4B-00C04F79EFBC}") = "ShoppingList", "ShoppingList\ShoppingList.csproj", "{F14CD05E-6ECD-4D54-958F-AA505080AE43}"
EndProject
Global
	GlobalSection(SolutionConfigurationPlatforms) = preSolution
		Debug|Any CPU = Debug|Any CPU
		Release|Any CPU = Release|Any CPU
	EndGlobalSection
	GlobalSection(ProjectConfigurationPlatforms) = postSolution
		{F14CD05E-6ECD-4D54-958F-AA505080AE43}.Debug|Any CPU.ActiveCfg = Debug|Any CPU
		{F14CD05E-6ECD-4D54-958F-AA505080AE43}.Debug|Any CPU.Build.0 = Debug|Any CPU
		{F14CD05E-6ECD-4D54-958F-AA505080AE43}.Release|Any CPU.ActiveCfg = Release|Any CPU
		{F14CD05E-6ECD-4D54-958F-AA505080AE43}.Release|Any CPU.Build.0 = Release|Any CPU
	EndGlobalSection
EndGlobal
