
Microsoft Visual Studio Solution File, Format Version 12.00
Project("{FAE04EC0-301F-11D3-BF4B-00C04F79EFBC}") = "Assessment1 practice", "Assessment1 practice\Assessment1 practice.csproj", "{8ED1932C-4A92-45B6-BA05-351356F80D91}"
EndProject
Global
	GlobalSection(SolutionConfigurationPlatforms) = preSolution
		Debug|Any CPU = Debug|Any CPU
		Release|Any CPU = Release|Any CPU
	EndGlobalSection
	GlobalSection(ProjectConfigurationPlatforms) = postSolution
		{8ED1932C-4A92-45B6-BA05-351356F80D91}.Debug|Any CPU.ActiveCfg = Debug|Any CPU
		{8ED1932C-4A92-45B6-BA05-351356F80D91}.Debug|Any CPU.Build.0 = Debug|Any CPU
		{8ED1932C-4A92-45B6-BA05-351356F80D91}.Release|Any CPU.ActiveCfg = Release|Any CPU
		{8ED1932C-4A92-45B6-BA05-351356F80D91}.Release|Any CPU.Build.0 = Release|Any CPU
	EndGlobalSection
EndGlobal
